
Microsoft Visual Studio Solution File, Format Version 12.00
# Visual Studio Version 16
VisualStudioVersion = 16.0.29001.49
MinimumVisualStudioVersion = 10.0.40219.1
Project("{FAE04EC0-301F-11D3-BF4B-00C04F79EFBC}") = "GraficadorSeñales", "GraficadorSeñales\GraficadorSeñales.csproj", "{3AADAC9E-0F40-4668-AC25-9013CDD34FD6}"
EndProject
Global
	GlobalSection(SolutionConfigurationPlatforms) = preSolution
		Debug|Any CPU = Debug|Any CPU
		Release|Any CPU = Release|Any CPU
	EndGlobalSection
	GlobalSection(ProjectConfigurationPlatforms) = postSolution
		{3AADAC9E-0F40-4668-AC25-9013CDD34FD6}.Debug|Any CPU.ActiveCfg = Debug|Any CPU
		{3AADAC9E-0F40-4668-AC25-9013CDD34FD6}.Debug|Any CPU.Build.0 = Debug|Any CPU
		{3AADAC9E-0F40-4668-AC25-9013CDD34FD6}.Release|Any CPU.ActiveCfg = Release|Any CPU
		{3AADAC9E-0F40-4668-AC25-9013CDD34FD6}.Release|Any CPU.Build.0 = Release|Any CPU
	EndGlobalSection
	GlobalSection(SolutionProperties) = preSolution
		HideSolutionNode = FALSE
	EndGlobalSection
	GlobalSection(ExtensibilityGlobals) = postSolution
		SolutionGuid = {84C0E915-E9A2-4C34-82DE-18857E60B329}
	EndGlobalSection
EndGlobal
